
Microsoft Visual Studio Solution File, Format Version 12.00
# Visual Studio Version 17
VisualStudioVersion = 17.14.36511.14 d17.14
MinimumVisualStudioVersion = 10.0.40219.1
Project("{FAE04EC0-301F-11D3-BF4B-00C04F79EFBC}") = "GestionAuto", "PromptGenerator\GestionAuto.csproj", "{EF10B619-8414-4197-8F18-73C83FABFE56}"
EndProject
Global
	GlobalSection(SolutionConfigurationPlatforms) = preSolution
		Debug|Any CPU = Debug|Any CPU
		Release|Any CPU = Release|Any CPU
	EndGlobalSection
	GlobalSection(ProjectConfigurationPlatforms) = postSolution
		{EF10B619-8414-4197-8F18-73C83FABFE56}.Debug|Any CPU.ActiveCfg = Debug|Any CPU
		{EF10B619-8414-4197-8F18-73C83FABFE56}.Debug|Any CPU.Build.0 = Debug|Any CPU
		{EF10B619-8414-4197-8F18-73C83FABFE56}.Debug|Any CPU.Deploy.0 = Debug|Any CPU
		{EF10B619-8414-4197-8F18-73C83FABFE56}.Release|Any CPU.ActiveCfg = Release|Any CPU
		{EF10B619-8414-4197-8F18-73C83FABFE56}.Release|Any CPU.Build.0 = Release|Any CPU
	EndGlobalSection
	GlobalSection(SolutionProperties) = preSolution
		HideSolutionNode = FALSE
	EndGlobalSection
	GlobalSection(ExtensibilityGlobals) = postSolution
		SolutionGuid = {BD24470E-A5B0-4BD6-BBA4-E864F6C4075F}
	EndGlobalSection
EndGlobal
